
Microsoft Visual Studio Solution File, Format Version 12.00
# Visual Studio Version 17
VisualStudioVersion = 17.10.35013.160
MinimumVisualStudioVersion = 10.0.40219.1
Project("{FAE04EC0-301F-11D3-BF4B-00C04F79EFBC}") = "exam2", "exam2\exam2.csproj", "{4E3CE91D-6CBB-4638-9167-F5A7880D0476}"
EndProject
Global
	GlobalSection(SolutionConfigurationPlatforms) = preSolution
		Debug|Any CPU = Debug|Any CPU
		Release|Any CPU = Release|Any CPU
	EndGlobalSection
	GlobalSection(ProjectConfigurationPlatforms) = postSolution
		{4E3CE91D-6CBB-4638-9167-F5A7880D0476}.Debug|Any CPU.ActiveCfg = Debug|Any CPU
		{4E3CE91D-6CBB-4638-9167-F5A7880D0476}.Debug|Any CPU.Build.0 = Debug|Any CPU
		{4E3CE91D-6CBB-4638-9167-F5A7880D0476}.Release|Any CPU.ActiveCfg = Release|Any CPU
		{4E3CE91D-6CBB-4638-9167-F5A7880D0476}.Release|Any CPU.Build.0 = Release|Any CPU
	EndGlobalSection
	GlobalSection(SolutionProperties) = preSolution
		HideSolutionNode = FALSE
	EndGlobalSection
	GlobalSection(ExtensibilityGlobals) = postSolution
		SolutionGuid = {04A831BD-156E-44B1-992F-40D3D7F70426}
	EndGlobalSection
EndGlobal
